# This file is generated by running "yarn install" inside your project.
# Manual changes might be lost - proceed with caution!

__metadata:
  version: 8
  cacheKey: 10

"@local/prisma@workspace:.":
  version: 0.0.0-use.local
  resolution: "@local/prisma@workspace:."
  dependencies:
    "@pothos/core": "npm:^4.3.0"
    "@pothos/plugin-prisma": "npm:^4.4.0"
    "@pothos/plugin-prisma-utils": "npm:^1.2.0"
    "@prisma/client": "npm:^6.9.0"
    "@types/geojson": "npm:^7946.0.16"
    graphql: "npm:^16.10.0"
    prisma: "npm:^6.9.0"
    prisma-json-types-generator: "npm:^3.2.3"
    typescript: "npm:^5.7.3"
  peerDependencies:
    "@prisma/client": ^6.6.0
  languageName: unknown
  linkType: soft

"@pothos/core@npm:^4.3.0":
  version: 4.5.1
  resolution: "@pothos/core@npm:4.5.1"
  peerDependencies:
    graphql: ">=16.6.0"
  checksum: 10/59a7a8163403f22524b47568b3f3dec60ae008d20537cfbda1982965dcc261e3defb96c1c0f0ff68d64c933e8cb342f17d3ee1db0224d530878e937196f59d43
  languageName: node
  linkType: hard

"@pothos/plugin-prisma-utils@npm:^1.2.0":
  version: 1.3.0
  resolution: "@pothos/plugin-prisma-utils@npm:1.3.0"
  dependencies:
    "@prisma/generator-helper": "npm:^6.0.0"
  peerDependencies:
    "@pothos/core": "*"
    "@pothos/plugin-prisma": "*"
    "@prisma/client": "*"
    graphql: ">=16.6.0"
  checksum: 10/31138ce184eef20c1f0f508dc2acb0bdff3d743c2a5177c3f98c24133038b5d3e2e9064dbd68403a9851720f4c2cb1024266639d2e45254b3752928b41a0e61a
  languageName: node
  linkType: hard

"@pothos/plugin-prisma@npm:^4.4.0":
  version: 4.5.0
  resolution: "@pothos/plugin-prisma@npm:4.5.0"
  dependencies:
    "@prisma/generator-helper": "npm:^6.0.0"
  peerDependencies:
    "@pothos/core": "*"
    "@prisma/client": "*"
    graphql: ">=16.6.0"
    typescript: ">=4.7.2"
  bin:
    prisma-pothos-types: bin/generator.js
  checksum: 10/a7e5e8de13469e58a6c424818b391aaabcea7073236fc8d577874c80cba693c87aa9abe9dd31c88c528ab994003a7bba5ed45cb555d9be51b533880be72a8f22
  languageName: node
  linkType: hard

"@prisma/client@npm:^6.9.0":
  version: 6.9.0
  resolution: "@prisma/client@npm:6.9.0"
  peerDependencies:
    prisma: "*"
    typescript: ">=5.1.0"
  peerDependenciesMeta:
    prisma:
      optional: true
    typescript:
      optional: true
  checksum: 10/282ffe1fbd06303b5322f6e7a930a6f7c9aa16a275fe228da9851c8c10802d4c62fcf4973fb75cb07794bfeb6689bca70e2a39b62f14e739821e53ba68af108e
  languageName: node
  linkType: hard

"@prisma/config@npm:6.9.0":
  version: 6.9.0
  resolution: "@prisma/config@npm:6.9.0"
  dependencies:
    jiti: "npm:2.4.2"
  checksum: 10/e8ba1a51477e5472a291b0af76d282f825c2419fa4b437ac4ab78fb494b79e1046c3563f8cc37163ad02d6f7f41d41b1957a470a1f322be9d32c03e03cb6f849
  languageName: node
  linkType: hard

"@prisma/debug@npm:6.5.0":
  version: 6.5.0
  resolution: "@prisma/debug@npm:6.5.0"
  checksum: 10/672415efe57a1a3b15e03debe0374ec2dc977c771092dfd4de47062fe91aca1ddbdc707a679f1312bbc8a3c7f3fad682b05749a3112e262ba9b8b0cf002a65ff
  languageName: node
  linkType: hard

"@prisma/debug@npm:6.6.0":
  version: 6.6.0
  resolution: "@prisma/debug@npm:6.6.0"
  checksum: 10/55c9817a43aaa34eac8388b866a75a113dc2109b45bbb735a82ad2b74ee312d840df95058fed1225f48ba21aa8f0b2b441bbc9e50eaea0329ed5b614d71d54b5
  languageName: node
  linkType: hard

"@prisma/debug@npm:6.9.0":
  version: 6.9.0
  resolution: "@prisma/debug@npm:6.9.0"
  checksum: 10/ae29f324949e56078664b925fa3f039f1b8a6234ac78067d6685e575359686b5584a47547db079a9e32c2b0bd3e4f182a51d48a445a812f8e4a751b3e77aa626
  languageName: node
  linkType: hard

"@prisma/dmmf@npm:6.6.0":
  version: 6.6.0
  resolution: "@prisma/dmmf@npm:6.6.0"
  checksum: 10/e55931206d475d9de21de5655a1cb55a54e9c7f848112c8150529fdef54ee5a31f0ea57bd0b1e750eb7f81ba1d21c285f60bce0a26d4ec8ea967f3feac245e9b
  languageName: node
  linkType: hard

"@prisma/engines-version@npm:6.9.0-10.81e4af48011447c3cc503a190e86995b66d2a28e":
  version: 6.9.0-10.81e4af48011447c3cc503a190e86995b66d2a28e
  resolution: "@prisma/engines-version@npm:6.9.0-10.81e4af48011447c3cc503a190e86995b66d2a28e"
  checksum: 10/3c13e996558b57c76f39df9f1263da0d11a8fbc1a1b3c19600811ad1c198a489540ab7ee741a8b686ac413e8bc1318498a9de61a27fba87328fef26bdd3fb2a0
  languageName: node
  linkType: hard

"@prisma/engines@npm:6.9.0":
  version: 6.9.0
  resolution: "@prisma/engines@npm:6.9.0"
  dependencies:
    "@prisma/debug": "npm:6.9.0"
    "@prisma/engines-version": "npm:6.9.0-10.81e4af48011447c3cc503a190e86995b66d2a28e"
    "@prisma/fetch-engine": "npm:6.9.0"
    "@prisma/get-platform": "npm:6.9.0"
  checksum: 10/0262f6b462ea032773b97a18b9bd803056e56960c73fe432467ed26499be5a25f52dc39056f68609e6a0641a5b7a74be3d45b16aa2ccfade96b35e3cac76b15b
  languageName: node
  linkType: hard

"@prisma/fetch-engine@npm:6.9.0":
  version: 6.9.0
  resolution: "@prisma/fetch-engine@npm:6.9.0"
  dependencies:
    "@prisma/debug": "npm:6.9.0"
    "@prisma/engines-version": "npm:6.9.0-10.81e4af48011447c3cc503a190e86995b66d2a28e"
    "@prisma/get-platform": "npm:6.9.0"
  checksum: 10/9442c952a189b157a8ccaf5b2cd38ef80585f1d9244adc0515ac54a6fb9a7c1eb99a4015bd8cd0bda7275e0310020e30c7f85a5692f9cc77ae8c4b0f8b07bfcf
  languageName: node
  linkType: hard

"@prisma/generator-helper@npm:6.5.0":
  version: 6.5.0
  resolution: "@prisma/generator-helper@npm:6.5.0"
  dependencies:
    "@prisma/debug": "npm:6.5.0"
  checksum: 10/4229875b0adb865c6a1be9cd38858578a3f06ff8e71d0e5575debeefd6361a2d24fda3c51780051a21ea88a0cdf002f54f41a5b4901abdac49a7c8435ed49ecf
  languageName: node
  linkType: hard

"@prisma/generator-helper@npm:^6.0.0":
  version: 6.6.0
  resolution: "@prisma/generator-helper@npm:6.6.0"
  dependencies:
    "@prisma/debug": "npm:6.6.0"
    "@prisma/dmmf": "npm:6.6.0"
    "@prisma/generator": "npm:6.6.0"
  checksum: 10/b68aa199275a15769b7195e2850f9ef14c2185cb8e0849381323d1650c919909129cb5bdea9f3ca109d8874f4116321479c0ef9cb48cffb7e5b745fcf07bb341
  languageName: node
  linkType: hard

"@prisma/generator@npm:6.6.0":
  version: 6.6.0
  resolution: "@prisma/generator@npm:6.6.0"
  checksum: 10/0bf7ee567d176c539f9803fc5c12b4704ce5511d5ecbcffc0769e6c63cac326d29dc508461c42b3884b85299e6e6aae23239b51a63b03a8d89526a8daff58b0d
  languageName: node
  linkType: hard

"@prisma/get-platform@npm:6.9.0":
  version: 6.9.0
  resolution: "@prisma/get-platform@npm:6.9.0"
  dependencies:
    "@prisma/debug": "npm:6.9.0"
  checksum: 10/a6a3bcb18da8026c1150daf320debc831629b8b5d0352b1f8be615c4bdba6177be5d520c47712148819972c54e2c7f93330d28e23a53c969db50b125f01b2231
  languageName: node
  linkType: hard

"@types/geojson@npm:^7946.0.16":
  version: 7946.0.16
  resolution: "@types/geojson@npm:7946.0.16"
  checksum: 10/34d07421bdd60e7b99fa265441d17ac6e9aef48e3ce22d04324127d0de1daf7fbaa0bd3be1cece2092eb6995f21da84afa5231e24621a2910ff7340bc98f496f
  languageName: node
  linkType: hard

"graphql@npm:^16.10.0":
  version: 16.10.0
  resolution: "graphql@npm:16.10.0"
  checksum: 10/d42cf81ddcf3a61dfb213217576bf33c326f15b02c4cee369b373dc74100cbdcdc4479b3b797e79b654dabd8fddf50ef65ff75420e9ce5596c02e21f24c9126a
  languageName: node
  linkType: hard

"jiti@npm:2.4.2":
  version: 2.4.2
  resolution: "jiti@npm:2.4.2"
  bin:
    jiti: lib/jiti-cli.mjs
  checksum: 10/e2b07eb2e3fbb245e29ad288dddecab31804967fc84d5e01d39858997d2743b5e248946defcecf99272275a00284ecaf7ec88b8c841331324f0c946d8274414b
  languageName: node
  linkType: hard

"prisma-json-types-generator@npm:^3.2.3":
  version: 3.2.3
  resolution: "prisma-json-types-generator@npm:3.2.3"
  dependencies:
    "@prisma/generator-helper": "npm:6.5.0"
    tslib: "npm:2.8.1"
  peerDependencies:
    prisma: ^5 || ^6
    typescript: ^5.6.2
  bin:
    prisma-json-types-generator: index.js
  checksum: 10/6eb2f6605519df3da2ff2cb588591cf1094028f9be2a43d5f5d587cb78414dbdfbcca23edab70d36e93ed084e79a0daa91c8486d0f74aeacc1c9d0df71e2daa7
  languageName: node
  linkType: hard

"prisma@npm:^6.9.0":
  version: 6.9.0
  resolution: "prisma@npm:6.9.0"
  dependencies:
    "@prisma/config": "npm:6.9.0"
    "@prisma/engines": "npm:6.9.0"
  peerDependencies:
    typescript: ">=5.1.0"
  peerDependenciesMeta:
    typescript:
      optional: true
  bin:
    prisma: build/index.js
  checksum: 10/2dae4723f115bb93a80941f65a0b340a7c1d1dfd2ceb783f44b5850f78bd8ab865531d26b1a1e9f17e5ff5b815a341877779d06d5d55ea9ad0fb0af2ddeef985
  languageName: node
  linkType: hard

"tslib@npm:2.8.1":
  version: 2.8.1
  resolution: "tslib@npm:2.8.1"
  checksum: 10/3e2e043d5c2316461cb54e5c7fe02c30ef6dccb3384717ca22ae5c6b5bc95232a6241df19c622d9c73b809bea33b187f6dbc73030963e29950c2141bc32a79f7
  languageName: node
  linkType: hard

"typescript@npm:^5.7.3":
  version: 5.8.3
  resolution: "typescript@npm:5.8.3"
  bin:
    tsc: bin/tsc
    tsserver: bin/tsserver
  checksum: 10/65c40944c51b513b0172c6710ee62e951b70af6f75d5a5da745cb7fab132c09ae27ffdf7838996e3ed603bb015dadd099006658046941bd0ba30340cc563ae92
  languageName: node
  linkType: hard

"typescript@patch:typescript@npm%3A^5.7.3#optional!builtin<compat/typescript>":
  version: 5.8.3
  resolution: "typescript@patch:typescript@npm%3A5.8.3#optional!builtin<compat/typescript>::version=5.8.3&hash=5786d5"
  bin:
    tsc: bin/tsc
    tsserver: bin/tsserver
  checksum: 10/b9b1e73dabac5dc730c041325dbd9c99467c1b0d239f1b74ec3b90d831384af3e2ba973946232df670519147eb51a2c20f6f96163cea2b359f03de1e2091cc4f
  languageName: node
  linkType: hard
